// !$*UTF8*$!
{
	archiveVersion = 1;
	classes = {
	};
	objectVersion = 77;
	objects = {

/* Begin PBXBuildFile section */
		209370D77F62D638610AB5C0 /* Pods_MyFirstAppTests.framework in Frameworks */ = {isa = PBXBuildFile; fileRef = 150D2B7470B50836DDCB77F3 /* Pods_MyFirstAppTests.framework */; };
		3D2903223690796DCA301A64 /* Pods_MyFirstApp.framework in Frameworks */ = {isa = PBXBuildFile; fileRef = D77249648F6E01D3E3FE1223 /* Pods_MyFirstApp.framework */; };
		605DE167E25923E737E9470D /* Pods_MyFirstApp_MyFirstAppUITests.framework in Frameworks */ = {isa = PBXBuildFile; fileRef = 68AA94D5520D98B31039674F /* Pods_MyFirstApp_MyFirstAppUITests.framework */; };
/* End PBXBuildFile section */

/* Begin PBXContainerItemProxy section */
		9A66B94C2DF44E1E00E9B0AD /* PBXContainerItemProxy */ = {
			isa = PBXContainerItemProxy;
			containerPortal = 9A66B92D2DF44E1C00E9B0AD /* Project object */;
			proxyType = 1;
			remoteGlobalIDString = 9A66B9342DF44E1C00E9B0AD;
			remoteInfo = MyFirstApp;
		};
		9A66B9562DF44E1E00E9B0AD /* PBXContainerItemProxy */ = {
			isa = PBXContainerItemProxy;
			containerPortal = 9A66B92D2DF44E1C00E9B0AD /* Project object */;
			proxyType = 1;
			remoteGlobalIDString = 9A66B9342DF44E1C00E9B0AD;
			remoteInfo = MyFirstApp;
		};
/* End PBXContainerItemProxy section */

/* Begin PBXFileReference section */
		150D2B7470B50836DDCB77F3 /* Pods_MyFirstAppTests.framework */ = {isa = PBXFileReference; explicitFileType = wrapper.framework; includeInIndex = 0; path = Pods_MyFirstAppTests.framework; sourceTree = BUILT_PRODUCTS_DIR; };
		247FBFE525249AC48504AF3D /* Pods-MyFirstAppTests.debug.xcconfig */ = {isa = PBXFileReference; includeInIndex = 1; lastKnownFileType = text.xcconfig; name = "Pods-MyFirstAppTests.debug.xcconfig"; path = "Target Support Files/Pods-MyFirstAppTests/Pods-MyFirstAppTests.debug.xcconfig"; sourceTree = "<group>"; };
		25C2AF08C8FBCB9A59D77DCE /* Pods-MyFirstApp.release.xcconfig */ = {isa = PBXFileReference; includeInIndex = 1; lastKnownFileType = text.xcconfig; name = "Pods-MyFirstApp.release.xcconfig"; path = "Target Support Files/Pods-MyFirstApp/Pods-MyFirstApp.release.xcconfig"; sourceTree = "<group>"; };
		26617C185963EC092E993176 /* Pods-MyFirstApp-MyFirstAppUITests.debug.xcconfig */ = {isa = PBXFileReference; includeInIndex = 1; lastKnownFileType = text.xcconfig; name = "Pods-MyFirstApp-MyFirstAppUITests.debug.xcconfig"; path = "Target Support Files/Pods-MyFirstApp-MyFirstAppUITests/Pods-MyFirstApp-MyFirstAppUITests.debug.xcconfig"; sourceTree = "<group>"; };
		287D4228F5A020949A30AB70 /* Pods-MyFirstApp.debug.xcconfig */ = {isa = PBXFileReference; includeInIndex = 1; lastKnownFileType = text.xcconfig; name = "Pods-MyFirstApp.debug.xcconfig"; path = "Target Support Files/Pods-MyFirstApp/Pods-MyFirstApp.debug.xcconfig"; sourceTree = "<group>"; };
		5C194BAAC14E832C861E845C /* Pods-MyFirstApp-MyFirstAppUITests.release.xcconfig */ = {isa = PBXFileReference; includeInIndex = 1; lastKnownFileType = text.xcconfig; name = "Pods-MyFirstApp-MyFirstAppUITests.release.xcconfig"; path = "Target Support Files/Pods-MyFirstApp-MyFirstAppUITests/Pods-MyFirstApp-MyFirstAppUITests.release.xcconfig"; sourceTree = "<group>"; };
		68AA94D5520D98B31039674F /* Pods_MyFirstApp_MyFirstAppUITests.framework */ = {isa = PBXFileReference; explicitFileType = wrapper.framework; includeInIndex = 0; path = Pods_MyFirstApp_MyFirstAppUITests.framework; sourceTree = BUILT_PRODUCTS_DIR; };
		8397F3E4654B30EA0EEE4A65 /* Pods-MyFirstAppTests.release.xcconfig */ = {isa = PBXFileReference; includeInIndex = 1; lastKnownFileType = text.xcconfig; name = "Pods-MyFirstAppTests.release.xcconfig"; path = "Target Support Files/Pods-MyFirstAppTests/Pods-MyFirstAppTests.release.xcconfig"; sourceTree = "<group>"; };
		9A66B9352DF44E1C00E9B0AD /* MyFirstApp.app */ = {isa = PBXFileReference; explicitFileType = wrapper.application; includeInIndex = 0; path = MyFirstApp.app; sourceTree = BUILT_PRODUCTS_DIR; };
		9A66B94B2DF44E1E00E9B0AD /* MyFirstAppTests.xctest */ = {isa = PBXFileReference; explicitFileType = wrapper.cfbundle; includeInIndex = 0; path = MyFirstAppTests.xctest; sourceTree = BUILT_PRODUCTS_DIR; };
		9A66B9552DF44E1E00E9B0AD /* MyFirstAppUITests.xctest */ = {isa = PBXFileReference; explicitFileType = wrapper.cfbundle; includeInIndex = 0; path = MyFirstAppUITests.xctest; sourceTree = BUILT_PRODUCTS_DIR; };
		D77249648F6E01D3E3FE1223 /* Pods_MyFirstApp.framework */ = {isa = PBXFileReference; explicitFileType = wrapper.framework; includeInIndex = 0; path = Pods_MyFirstApp.framework; sourceTree = BUILT_PRODUCTS_DIR; };
/* End PBXFileReference section */

/* Begin PBXFileSystemSynchronizedBuildFileExceptionSet section */
		9A66B95D2DF44E1E00E9B0AD /* Exceptions for "MyFirstApp" folder in "MyFirstApp" target */ = {
			isa = PBXFileSystemSynchronizedBuildFileExceptionSet;
			membershipExceptions = (
				Info.plist,
			);
			target = 9A66B9342DF44E1C00E9B0AD /* MyFirstApp */;
		};
/* End PBXFileSystemSynchronizedBuildFileExceptionSet section */

/* Begin PBXFileSystemSynchronizedRootGroup section */
		9A66B9372DF44E1C00E9B0AD /* MyFirstApp */ = {
			isa = PBXFileSystemSynchronizedRootGroup;
			exceptions = (
				9A66B95D2DF44E1E00E9B0AD /* Exceptions for "MyFirstApp" folder in "MyFirstApp" target */,
			);
			path = MyFirstApp;
			sourceTree = "<group>";
		};
		9A66B94E2DF44E1E00E9B0AD /* MyFirstAppTests */ = {
			isa = PBXFileSystemSynchronizedRootGroup;
			path = MyFirstAppTests;
			sourceTree = "<group>";
		};
		9A66B9582DF44E1E00E9B0AD /* MyFirstAppUITests */ = {
			isa = PBXFileSystemSynchronizedRootGroup;
			path = MyFirstAppUITests;
			sourceTree = "<group>";
		};
/* End PBXFileSystemSynchronizedRootGroup section */

/* Begin PBXFrameworksBuildPhase section */
		9A66B9322DF44E1C00E9B0AD /* Frameworks */ = {
			isa = PBXFrameworksBuildPhase;
			buildActionMask = 2147483647;
			files = (
				3D2903223690796DCA301A64 /* Pods_MyFirstApp.framework in Frameworks */,
			);
			runOnlyForDeploymentPostprocessing = 0;
		};
		9A66B9482DF44E1E00E9B0AD /* Frameworks */ = {
			isa = PBXFrameworksBuildPhase;
			buildActionMask = 2147483647;
			files = (
				209370D77F62D638610AB5C0 /* Pods_MyFirstAppTests.framework in Frameworks */,
			);
			runOnlyForDeploymentPostprocessing = 0;
		};
		9A66B9522DF44E1E00E9B0AD /* Frameworks */ = {
			isa = PBXFrameworksBuildPhase;
			buildActionMask = 2147483647;
			files = (
				605DE167E25923E737E9470D /* Pods_MyFirstApp_MyFirstAppUITests.framework in Frameworks */,
			);
			runOnlyForDeploymentPostprocessing = 0;
		};
/* End PBXFrameworksBuildPhase section */

/* Begin PBXGroup section */
		9A66B92C2DF44E1C00E9B0AD = {
			isa = PBXGroup;
			children = (
				9A66B9372DF44E1C00E9B0AD /* MyFirstApp */,
				9A66B94E2DF44E1E00E9B0AD /* MyFirstAppTests */,
				9A66B9582DF44E1E00E9B0AD /* MyFirstAppUITests */,
				9A66B9362DF44E1C00E9B0AD /* Products */,
				AAE541B1B547C24D39539AF2 /* Pods */,
				BE7A828303BAD45CA6F9F5CC /* Frameworks */,
			);
			sourceTree = "<group>";
		};
		9A66B9362DF44E1C00E9B0AD /* Products */ = {
			isa = PBXGroup;
			children = (
				9A66B9352DF44E1C00E9B0AD /* MyFirstApp.app */,
				9A66B94B2DF44E1E00E9B0AD /* MyFirstAppTests.xctest */,
				9A66B9552DF44E1E00E9B0AD /* MyFirstAppUITests.xctest */,
			);
			name = Products;
			sourceTree = "<group>";
		};
		AAE541B1B547C24D39539AF2 /* Pods */ = {
			isa = PBXGroup;
			children = (
				287D4228F5A020949A30AB70 /* Pods-MyFirstApp.debug.xcconfig */,
				25C2AF08C8FBCB9A59D77DCE /* Pods-MyFirstApp.release.xcconfig */,
				26617C185963EC092E993176 /* Pods-MyFirstApp-MyFirstAppUITests.debug.xcconfig */,
				5C194BAAC14E832C861E845C /* Pods-MyFirstApp-MyFirstAppUITests.release.xcconfig */,
				247FBFE525249AC48504AF3D /* Pods-MyFirstAppTests.debug.xcconfig */,
				8397F3E4654B30EA0EEE4A65 /* Pods-MyFirstAppTests.release.xcconfig */,
			);
			path = Pods;
			sourceTree = "<group>";
		};
		BE7A828303BAD45CA6F9F5CC /* Frameworks */ = {
			isa = PBXGroup;
			children = (
				D77249648F6E01D3E3FE1223 /* Pods_MyFirstApp.framework */,
				68AA94D5520D98B31039674F /* Pods_MyFirstApp_MyFirstAppUITests.framework */,
				150D2B7470B50836DDCB77F3 /* Pods_MyFirstAppTests.framework */,
			);
			name = Frameworks;
			sourceTree = "<group>";
		};
/* End PBXGroup section */

/* Begin PBXNativeTarget section */
		9A66B9342DF44E1C00E9B0AD /* MyFirstApp */ = {
			isa = PBXNativeTarget;
			buildConfigurationList = 9A66B95E2DF44E1E00E9B0AD /* Build configuration list for PBXNativeTarget "MyFirstApp" */;
			buildPhases = (
				85CA676D08631D889F563909 /* [CP] Check Pods Manifest.lock */,
				9A66B9312DF44E1C00E9B0AD /* Sources */,
				9A66B9322DF44E1C00E9B0AD /* Frameworks */,
				9A66B9332DF44E1C00E9B0AD /* Resources */,
				F07D31A763CF05D2B533C283 /* [CP] Embed Pods Frameworks */,
			);
			buildRules = (
			);
			dependencies = (
			);
			fileSystemSynchronizedGroups = (
				9A66B9372DF44E1C00E9B0AD /* MyFirstApp */,
			);
			name = MyFirstApp;
			productName = MyFirstApp;
			productReference = 9A66B9352DF44E1C00E9B0AD /* MyFirstApp.app */;
			productType = "com.apple.product-type.application";
		};
		9A66B94A2DF44E1E00E9B0AD /* MyFirstAppTests */ = {
			isa = PBXNativeTarget;
			buildConfigurationList = 9A66B9632DF44E1E00E9B0AD /* Build configuration list for PBXNativeTarget "MyFirstAppTests" */;
			buildPhases = (
				BA44BCDB6C6F31C1AA7C3E74 /* [CP] Check Pods Manifest.lock */,
				9A66B9472DF44E1E00E9B0AD /* Sources */,
				9A66B9482DF44E1E00E9B0AD /* Frameworks */,
				9A66B9492DF44E1E00E9B0AD /* Resources */,
			);
			buildRules = (
			);
			dependencies = (
				9A66B94D2DF44E1E00E9B0AD /* PBXTargetDependency */,
			);
			fileSystemSynchronizedGroups = (
				9A66B94E2DF44E1E00E9B0AD /* MyFirstAppTests */,
			);
			name = MyFirstAppTests;
			productName = MyFirstAppTests;
			productReference = 9A66B94B2DF44E1E00E9B0AD /* MyFirstAppTests.xctest */;
			productType = "com.apple.product-type.bundle.unit-test";
		};
		9A66B9542DF44E1E00E9B0AD /* MyFirstAppUITests */ = {
			isa = PBXNativeTarget;
			buildConfigurationList = 9A66B9662DF44E1E00E9B0AD /* Build configuration list for PBXNativeTarget "MyFirstAppUITests" */;
			buildPhases = (
				715A18D53A06E5B43BF8883D /* [CP] Check Pods Manifest.lock */,
				9A66B9512DF44E1E00E9B0AD /* Sources */,
				9A66B9522DF44E1E00E9B0AD /* Frameworks */,
				9A66B9532DF44E1E00E9B0AD /* Resources */,
				7927E134157C9B8C7EEDF3CE /* [CP] Embed Pods Frameworks */,
			);
			buildRules = (
			);
			dependencies = (
				9A66B9572DF44E1E00E9B0AD /* PBXTargetDependency */,
			);
			fileSystemSynchronizedGroups = (
				9A66B9582DF44E1E00E9B0AD /* MyFirstAppUITests */,
			);
			name = MyFirstAppUITests;
			productName = MyFirstAppUITests;
			productReference = 9A66B9552DF44E1E00E9B0AD /* MyFirstAppUITests.xctest */;
			productType = "com.apple.product-type.bundle.ui-testing";
		};
/* End PBXNativeTarget section */

/* Begin PBXProject section */
		9A66B92D2DF44E1C00E9B0AD /* Project object */ = {
			isa = PBXProject;
			attributes = {
				BuildIndependentTargetsInParallel = 1;
				LastSwiftUpdateCheck = 1640;
				LastUpgradeCheck = 1640;
				TargetAttributes = {
					9A66B9342DF44E1C00E9B0AD = {
						CreatedOnToolsVersion = 16.4;
					};
					9A66B94A2DF44E1E00E9B0AD = {
						CreatedOnToolsVersion = 16.4;
						TestTargetID = 9A66B9342DF44E1C00E9B0AD;
					};
					9A66B9542DF44E1E00E9B0AD = {
						CreatedOnToolsVersion = 16.4;
						TestTargetID = 9A66B9342DF44E1C00E9B0AD;
					};
				};
			};
			buildConfigurationList = 9A66B9302DF44E1C00E9B0AD /* Build configuration list for PBXProject "MyFirstApp" */;
			developmentRegion = en;
			hasScannedForEncodings = 0;
			knownRegions = (
				en,
				Base,
			);
			mainGroup = 9A66B92C2DF44E1C00E9B0AD;
			minimizedProjectReferenceProxies = 1;
			preferredProjectObjectVersion = 77;
			productRefGroup = 9A66B9362DF44E1C00E9B0AD /* Products */;
			projectDirPath = "";
			projectRoot = "";
			targets = (
				9A66B9342DF44E1C00E9B0AD /* MyFirstApp */,
				9A66B94A2DF44E1E00E9B0AD /* MyFirstAppTests */,
				9A66B9542DF44E1E00E9B0AD /* MyFirstAppUITests */,
			);
		};
/* End PBXProject section */

/* Begin PBXResourcesBuildPhase section */
		9A66B9332DF44E1C00E9B0AD /* Resources */ = {
			isa = PBXResourcesBuildPhase;
			buildActionMask = 2147483647;
			files = (
			);
			runOnlyForDeploymentPostprocessing = 0;
		};
		9A66B9492DF44E1E00E9B0AD /* Resources */ = {
			isa = PBXResourcesBuildPhase;
			buildActionMask = 2147483647;
			files = (
			);
			runOnlyForDeploymentPostprocessing = 0;
		};
		9A66B9532DF44E1E00E9B0AD /* Resources */ = {
			isa = PBXResourcesBuildPhase;
			buildActionMask = 2147483647;
			files = (
			);
			runOnlyForDeploymentPostprocessing = 0;
		};
/* End PBXResourcesBuildPhase section */

/* Begin PBXShellScriptBuildPhase section */
		715A18D53A06E5B43BF8883D /* [CP] Check Pods Manifest.lock */ = {
			isa = PBXShellScriptBuildPhase;
			buildActionMask = 2147483647;
			files = (
			);
			inputFileListPaths = (
			);
			inputPaths = (
				"${PODS_PODFILE_DIR_PATH}/Podfile.lock",
				"${PODS_ROOT}/Manifest.lock",
			);
			name = "[CP] Check Pods Manifest.lock";
			outputFileListPaths = (
			);
			outputPaths = (
				"$(DERIVED_FILE_DIR)/Pods-MyFirstApp-MyFirstAppUITests-checkManifestLockResult.txt",
			);
			runOnlyForDeploymentPostprocessing = 0;
			shellPath = /bin/sh;
			shellScript = "diff \"${PODS_PODFILE_DIR_PATH}/Podfile.lock\" \"${PODS_ROOT}/Manifest.lock\" > /dev/null\nif [ $? != 0 ] ; then\n    # print error to STDERR\n    echo \"error: The sandbox is not in sync with the Podfile.lock. Run 'pod install' or update your CocoaPods installation.\" >&2\n    exit 1\nfi\n# This output is used by Xcode 'outputs' to avoid re-running this script phase.\necho \"SUCCESS\" > \"${SCRIPT_OUTPUT_FILE_0}\"\n";
			showEnvVarsInLog = 0;
		};
		7927E134157C9B8C7EEDF3CE /* [CP] Embed Pods Frameworks */ = {
			isa = PBXShellScriptBuildPhase;
			buildActionMask = 2147483647;
			files = (
			);
			inputFileListPaths = (
				"${PODS_ROOT}/Target Support Files/Pods-MyFirstApp-MyFirstAppUITests/Pods-MyFirstApp-MyFirstAppUITests-frameworks-${CONFIGURATION}-input-files.xcfilelist",
			);
			inputPaths = (
			);
			name = "[CP] Embed Pods Frameworks";
			outputFileListPaths = (
				"${PODS_ROOT}/Target Support Files/Pods-MyFirstApp-MyFirstAppUITests/Pods-MyFirstApp-MyFirstAppUITests-frameworks-${CONFIGURATION}-output-files.xcfilelist",
			);
			outputPaths = (
			);
			runOnlyForDeploymentPostprocessing = 0;
			shellPath = /bin/sh;
			shellScript = "\"${PODS_ROOT}/Target Support Files/Pods-MyFirstApp-MyFirstAppUITests/Pods-MyFirstApp-MyFirstAppUITests-frameworks.sh\"\n";
			showEnvVarsInLog = 0;
		};
		85CA676D08631D889F563909 /* [CP] Check Pods Manifest.lock */ = {
			isa = PBXShellScriptBuildPhase;
			buildActionMask = 2147483647;
			files = (
			);
			inputFileListPaths = (
			);
			inputPaths = (
				"${PODS_PODFILE_DIR_PATH}/Podfile.lock",
				"${PODS_ROOT}/Manifest.lock",
			);
			name = "[CP] Check Pods Manifest.lock";
			outputFileListPaths = (
			);
			outputPaths = (
				"$(DERIVED_FILE_DIR)/Pods-MyFirstApp-checkManifestLockResult.txt",
			);
			runOnlyForDeploymentPostprocessing = 0;
			shellPath = /bin/sh;
			shellScript = "diff \"${PODS_PODFILE_DIR_PATH}/Podfile.lock\" \"${PODS_ROOT}/Manifest.lock\" > /dev/null\nif [ $? != 0 ] ; then\n    # print error to STDERR\n    echo \"error: The sandbox is not in sync with the Podfile.lock. Run 'pod install' or update your CocoaPods installation.\" >&2\n    exit 1\nfi\n# This output is used by Xcode 'outputs' to avoid re-running this script phase.\necho \"SUCCESS\" > \"${SCRIPT_OUTPUT_FILE_0}\"\n";
			showEnvVarsInLog = 0;
		};
		BA44BCDB6C6F31C1AA7C3E74 /* [CP] Check Pods Manifest.lock */ = {
			isa = PBXShellScriptBuildPhase;
			buildActionMask = 2147483647;
			files = (
			);
			inputFileListPaths = (
			);
			inputPaths = (
				"${PODS_PODFILE_DIR_PATH}/Podfile.lock",
				"${PODS_ROOT}/Manifest.lock",
			);
			name = "[CP] Check Pods Manifest.lock";
			outputFileListPaths = (
			);
			outputPaths = (
				"$(DERIVED_FILE_DIR)/Pods-MyFirstAppTests-checkManifestLockResult.txt",
			);
			runOnlyForDeploymentPostprocessing = 0;
			shellPath = /bin/sh;
			shellScript = "diff \"${PODS_PODFILE_DIR_PATH}/Podfile.lock\" \"${PODS_ROOT}/Manifest.lock\" > /dev/null\nif [ $? != 0 ] ; then\n    # print error to STDERR\n    echo \"error: The sandbox is not in sync with the Podfile.lock. Run 'pod install' or update your CocoaPods installation.\" >&2\n    exit 1\nfi\n# This output is used by Xcode 'outputs' to avoid re-running this script phase.\necho \"SUCCESS\" > \"${SCRIPT_OUTPUT_FILE_0}\"\n";
			showEnvVarsInLog = 0;
		};
		F07D31A763CF05D2B533C283 /* [CP] Embed Pods Frameworks */ = {
			isa = PBXShellScriptBuildPhase;
			buildActionMask = 2147483647;
			files = (
			);
			inputFileListPaths = (
				"${PODS_ROOT}/Target Support Files/Pods-MyFirstApp/Pods-MyFirstApp-frameworks-${CONFIGURATION}-input-files.xcfilelist",
			);
			inputPaths = (
			);
			name = "[CP] Embed Pods Frameworks";
			outputFileListPaths = (
				"${PODS_ROOT}/Target Support Files/Pods-MyFirstApp/Pods-MyFirstApp-frameworks-${CONFIGURATION}-output-files.xcfilelist",
			);
			outputPaths = (
			);
			runOnlyForDeploymentPostprocessing = 0;
			shellPath = /bin/sh;
			shellScript = "\"${PODS_ROOT}/Target Support Files/Pods-MyFirstApp/Pods-MyFirstApp-frameworks.sh\"\n";
			showEnvVarsInLog = 0;
		};
/* End PBXShellScriptBuildPhase section */

/* Begin PBXSourcesBuildPhase section */
		9A66B9312DF44E1C00E9B0AD /* Sources */ = {
			isa = PBXSourcesBuildPhase;
			buildActionMask = 2147483647;
			files = (
			);
			runOnlyForDeploymentPostprocessing = 0;
		};
		9A66B9472DF44E1E00E9B0AD /* Sources */ = {
			isa = PBXSourcesBuildPhase;
			buildActionMask = 2147483647;
			files = (
			);
			runOnlyForDeploymentPostprocessing = 0;
		};
		9A66B9512DF44E1E00E9B0AD /* Sources */ = {
			isa = PBXSourcesBuildPhase;
			buildActionMask = 2147483647;
			files = (
			);
			runOnlyForDeploymentPostprocessing = 0;
		};
/* End PBXSourcesBuildPhase section */

/* Begin PBXTargetDependency section */
		9A66B94D2DF44E1E00E9B0AD /* PBXTargetDependency */ = {
			isa = PBXTargetDependency;
			target = 9A66B9342DF44E1C00E9B0AD /* MyFirstApp */;
			targetProxy = 9A66B94C2DF44E1E00E9B0AD /* PBXContainerItemProxy */;
		};
		9A66B9572DF44E1E00E9B0AD /* PBXTargetDependency */ = {
			isa = PBXTargetDependency;
			target = 9A66B9342DF44E1C00E9B0AD /* MyFirstApp */;
			targetProxy = 9A66B9562DF44E1E00E9B0AD /* PBXContainerItemProxy */;
		};
/* End PBXTargetDependency section */

/* Begin XCBuildConfiguration section */
		9A66B95F2DF44E1E00E9B0AD /* Debug */ = {
			isa = XCBuildConfiguration;
			baseConfigurationReference = 287D4228F5A020949A30AB70 /* Pods-MyFirstApp.debug.xcconfig */;
			buildSettings = {
				ASSETCATALOG_COMPILER_APPICON_NAME = AppIcon;
				ASSETCATALOG_COMPILER_GLOBAL_ACCENT_COLOR_NAME = AccentColor;
				CODE_SIGN_STYLE = Automatic;
				CURRENT_PROJECT_VERSION = 1;
				DEVELOPMENT_TEAM = U4B3NLRKMV;
				ENABLE_USER_SCRIPT_SANDBOXING = NO;
				GENERATE_INFOPLIST_FILE = YES;
				INFOPLIST_FILE = MyFirstApp/Info.plist;
				INFOPLIST_KEY_UIApplicationSupportsIndirectInputEvents = YES;
				INFOPLIST_KEY_UILaunchStoryboardName = LaunchScreen;
				INFOPLIST_KEY_UISupportedInterfaceOrientations_iPad = "UIInterfaceOrientationPortrait UIInterfaceOrientationPortraitUpsideDown UIInterfaceOrientationLandscapeLeft UIInterfaceOrientationLandscapeRight";
				INFOPLIST_KEY_UISupportedInterfaceOrientations_iPhone = "UIInterfaceOrientationPortrait UIInterfaceOrientationLandscapeLeft UIInterfaceOrientationLandscapeRight";
				LD_RUNPATH_SEARCH_PATHS = (
					"$(inherited)",
					"@executable_path/Frameworks",
				);
				MARKETING_VERSION = 1.0;
				PRODUCT_BUNDLE_IDENTIFIER = com.tyoma.MyFirstApp;
				PRODUCT_NAME = "$(TARGET_NAME)";
				SWIFT_EMIT_LOC_STRINGS = YES;
				SWIFT_VERSION = 5.0;
				TARGETED_DEVICE_FAMILY = "1,2";
			};
			name = Debug;
		};
		9A66B9602DF44E1E00E9B0AD /* Release */ = {
			isa = XCBuildConfiguration;
			baseConfigurationReference = 25C2AF08C8FBCB9A59D77DCE /* Pods-MyFirstApp.release.xcconfig */;
			buildSettings = {
				ASSETCATALOG_COMPILER_APPICON_NAME = AppIcon;
				ASSETCATALOG_COMPILER_GLOBAL_ACCENT_COLOR_NAME = AccentColor;
				CODE_SIGN_STYLE = Automatic;
				CURRENT_PROJECT_VERSION = 1;
				DEVELOPMENT_TEAM = U4B3NLRKMV;
				ENABLE_USER_SCRIPT_SANDBOXING = NO;
				GENERATE_INFOPLIST_FILE = YES;
				INFOPLIST_FILE = MyFirstApp/Info.plist;
				INFOPLIST_KEY_UIApplicationSupportsIndirectInputEvents = YES;
				INFOPLIST_KEY_UILaunchStoryboardName = LaunchScreen;
				INFOPLIST_KEY_UISupportedInterfaceOrientations_iPad = "UIInterfaceOrientationPortrait UIInterfaceOrientationPortraitUpsideDown UIInterfaceOrientationLandscapeLeft UIInterfaceOrientationLandscapeRight";
				INFOPLIST_KEY_UISupportedInterfaceOrientations_iPhone = "UIInterfaceOrientationPortrait UIInterfaceOrientationLandscapeLeft UIInterfaceOrientationLandscapeRight";
				LD_RUNPATH_SEARCH_PATHS = (
					"$(inherited)",
					"@executable_path/Frameworks",
				);
				MARKETING_VERSION = 1.0;
				PRODUCT_BUNDLE_IDENTIFIER = com.tyoma.MyFirstApp;
				PRODUCT_NAME = "$(TARGET_NAME)";
				SWIFT_EMIT_LOC_STRINGS = YES;
				SWIFT_VERSION = 5.0;
				TARGETED_DEVICE_FAMILY = "1,2";
			};
			name = Release;
		};
		9A66B9612DF44E1E00E9B0AD /* Debug */ = {
			isa = XCBuildConfiguration;
			buildSettings = {
				ALWAYS_SEARCH_USER_PATHS = NO;
				ASSETCATALOG_COMPILER_GENERATE_SWIFT_ASSET_SYMBOL_EXTENSIONS = YES;
				CLANG_ANALYZER_NONNULL = YES;
				CLANG_ANALYZER_NUMBER_OBJECT_CONVERSION = YES_AGGRESSIVE;
				CLANG_CXX_LANGUAGE_STANDARD = "gnu++20";
				CLANG_ENABLE_MODULES = YES;
				CLANG_ENABLE_OBJC_ARC = YES;
				CLANG_ENABLE_OBJC_WEAK = YES;
				CLANG_WARN_BLOCK_CAPTURE_AUTORELEASING = YES;
				CLANG_WARN_BOOL_CONVERSION = YES;
				CLANG_WARN_COMMA = YES;
				CLANG_WARN_CONSTANT_CONVERSION = YES;
				CLANG_WARN_DEPRECATED_OBJC_IMPLEMENTATIONS = YES;
				CLANG_WARN_DIRECT_OBJC_ISA_USAGE = YES_ERROR;
				CLANG_WARN_DOCUMENTATION_COMMENTS = YES;
				CLANG_WARN_EMPTY_BODY = YES;
				CLANG_WARN_ENUM_CONVERSION = YES;
				CLANG_WARN_INFINITE_RECURSION = YES;
				CLANG_WARN_INT_CONVERSION = YES;
				CLANG_WARN_NON_LITERAL_NULL_CONVERSION = YES;
				CLANG_WARN_OBJC_IMPLICIT_RETAIN_SELF = YES;
				CLANG_WARN_OBJC_LITERAL_CONVERSION = YES;
				CLANG_WARN_OBJC_ROOT_CLASS = YES_ERROR;
				CLANG_WARN_QUOTED_INCLUDE_IN_FRAMEWORK_HEADER = YES;
				CLANG_WARN_RANGE_LOOP_ANALYSIS = YES;
				CLANG_WARN_STRICT_PROTOTYPES = YES;
				CLANG_WARN_SUSPICIOUS_MOVE = YES;
				CLANG_WARN_UNGUARDED_AVAILABILITY = YES_AGGRESSIVE;
				CLANG_WARN_UNREACHABLE_CODE = YES;
				CLANG_WARN__DUPLICATE_METHOD_MATCH = YES;
				COPY_PHASE_STRIP = NO;
				DEBUG_INFORMATION_FORMAT = dwarf;
				DEVELOPMENT_TEAM = U4B3NLRKMV;
				ENABLE_STRICT_OBJC_MSGSEND = YES;
				ENABLE_TESTABILITY = YES;
				ENABLE_USER_SCRIPT_SANDBOXING = YES;
				GCC_C_LANGUAGE_STANDARD = gnu17;
				GCC_DYNAMIC_NO_PIC = NO;
				GCC_NO_COMMON_BLOCKS = YES;
				GCC_OPTIMIZATION_LEVEL = 0;
				GCC_PREPROCESSOR_DEFINITIONS = (
					"DEBUG=1",
					"$(inherited)",
				);
				GCC_WARN_64_TO_32_BIT_CONVERSION = YES;
				GCC_WARN_ABOUT_RETURN_TYPE = YES_ERROR;
				GCC_WARN_UNDECLARED_SELECTOR = YES;
				GCC_WARN_UNINITIALIZED_AUTOS = YES_AGGRESSIVE;
				GCC_WARN_UNUSED_FUNCTION = YES;
				GCC_WARN_UNUSED_VARIABLE = YES;
				IPHONEOS_DEPLOYMENT_TARGET = 18.5;
				LOCALIZATION_PREFERS_STRING_CATALOGS = YES;
				MTL_ENABLE_DEBUG_INFO = INCLUDE_SOURCE;
				MTL_FAST_MATH = YES;
				ONLY_ACTIVE_ARCH = YES;
				SDKROOT = iphoneos;
				SWIFT_ACTIVE_COMPILATION_CONDITIONS = "DEBUG $(inherited)";
				SWIFT_OPTIMIZATION_LEVEL = "-Onone";
			};
			name = Debug;
		};
		9A66B9622DF44E1E00E9B0AD /* Release */ = {
			isa = XCBuildConfiguration;
			buildSettings = {
				ALWAYS_SEARCH_USER_PATHS = NO;
				ASSETCATALOG_COMPILER_GENERATE_SWIFT_ASSET_SYMBOL_EXTENSIONS = YES;
				CLANG_ANALYZER_NONNULL = YES;
				CLANG_ANALYZER_NUMBER_OBJECT_CONVERSION = YES_AGGRESSIVE;
				CLANG_CXX_LANGUAGE_STANDARD = "gnu++20";
				CLANG_ENABLE_MODULES = YES;
				CLANG_ENABLE_OBJC_ARC = YES;
				CLANG_ENABLE_OBJC_WEAK = YES;
				CLANG_WARN_BLOCK_CAPTURE_AUTORELEASING = YES;
				CLANG_WARN_BOOL_CONVERSION = YES;
				CLANG_WARN_COMMA = YES;
				CLANG_WARN_CONSTANT_CONVERSION = YES;
				CLANG_WARN_DEPRECATED_OBJC_IMPLEMENTATIONS = YES;
				CLANG_WARN_DIRECT_OBJC_ISA_USAGE = YES_ERROR;
				CLANG_WARN_DOCUMENTATION_COMMENTS = YES;
				CLANG_WARN_EMPTY_BODY = YES;
				CLANG_WARN_ENUM_CONVERSION = YES;
				CLANG_WARN_INFINITE_RECURSION = YES;
				CLANG_WARN_INT_CONVERSION = YES;
				CLANG_WARN_NON_LITERAL_NULL_CONVERSION = YES;
				CLANG_WARN_OBJC_IMPLICIT_RETAIN_SELF = YES;
				CLANG_WARN_OBJC_LITERAL_CONVERSION = YES;
				CLANG_WARN_OBJC_ROOT_CLASS = YES_ERROR;
				CLANG_WARN_QUOTED_INCLUDE_IN_FRAMEWORK_HEADER = YES;
				CLANG_WARN_RANGE_LOOP_ANALYSIS = YES;
				CLANG_WARN_STRICT_PROTOTYPES = YES;
				CLANG_WARN_SUSPICIOUS_MOVE = YES;
				CLANG_WARN_UNGUARDED_AVAILABILITY = YES_AGGRESSIVE;
				CLANG_WARN_UNREACHABLE_CODE = YES;
				CLANG_WARN__DUPLICATE_METHOD_MATCH = YES;
				COPY_PHASE_STRIP = NO;
				DEBUG_INFORMATION_FORMAT = "dwarf-with-dsym";
				DEVELOPMENT_TEAM = U4B3NLRKMV;
				ENABLE_NS_ASSERTIONS = NO;
				ENABLE_STRICT_OBJC_MSGSEND = YES;
				ENABLE_USER_SCRIPT_SANDBOXING = YES;
				GCC_C_LANGUAGE_STANDARD = gnu17;
				GCC_NO_COMMON_BLOCKS = YES;
				GCC_WARN_64_TO_32_BIT_CONVERSION = YES;
				GCC_WARN_ABOUT_RETURN_TYPE = YES_ERROR;
				GCC_WARN_UNDECLARED_SELECTOR = YES;
				GCC_WARN_UNINITIALIZED_AUTOS = YES_AGGRESSIVE;
				GCC_WARN_UNUSED_FUNCTION = YES;
				GCC_WARN_UNUSED_VARIABLE = YES;
				IPHONEOS_DEPLOYMENT_TARGET = 18.5;
				LOCALIZATION_PREFERS_STRING_CATALOGS = YES;
				MTL_ENABLE_DEBUG_INFO = NO;
				MTL_FAST_MATH = YES;
				SDKROOT = iphoneos;
				SWIFT_COMPILATION_MODE = wholemodule;
				VALIDATE_PRODUCT = YES;
			};
			name = Release;
		};
		9A66B9642DF44E1E00E9B0AD /* Debug */ = {
			isa = XCBuildConfiguration;
			baseConfigurationReference = 247FBFE525249AC48504AF3D /* Pods-MyFirstAppTests.debug.xcconfig */;
			buildSettings = {
				BUNDLE_LOADER = "$(TEST_HOST)";
				CODE_SIGN_STYLE = Automatic;
				CURRENT_PROJECT_VERSION = 1;
				DEVELOPMENT_TEAM = U4B3NLRKMV;
				GENERATE_INFOPLIST_FILE = YES;
				IPHONEOS_DEPLOYMENT_TARGET = 18.5;
				MARKETING_VERSION = 1.0;
				PRODUCT_BUNDLE_IDENTIFIER = com.tyoma.MyFirstAppTests;
				PRODUCT_NAME = "$(TARGET_NAME)";
				SWIFT_EMIT_LOC_STRINGS = NO;
				SWIFT_VERSION = 5.0;
				TARGETED_DEVICE_FAMILY = "1,2";
				TEST_HOST = "$(BUILT_PRODUCTS_DIR)/MyFirstApp.app/$(BUNDLE_EXECUTABLE_FOLDER_PATH)/MyFirstApp";
			};
			name = Debug;
		};
		9A66B9652DF44E1E00E9B0AD /* Release */ = {
			isa = XCBuildConfiguration;
			baseConfigurationReference = 8397F3E4654B30EA0EEE4A65 /* Pods-MyFirstAppTests.release.xcconfig */;
			buildSettings = {
				BUNDLE_LOADER = "$(TEST_HOST)";
				CODE_SIGN_STYLE = Automatic;
				CURRENT_PROJECT_VERSION = 1;
				DEVELOPMENT_TEAM = U4B3NLRKMV;
				GENERATE_INFOPLIST_FILE = YES;
				IPHONEOS_DEPLOYMENT_TARGET = 18.5;
				MARKETING_VERSION = 1.0;
				PRODUCT_BUNDLE_IDENTIFIER = com.tyoma.MyFirstAppTests;
				PRODUCT_NAME = "$(TARGET_NAME)";
				SWIFT_EMIT_LOC_STRINGS = NO;
				SWIFT_VERSION = 5.0;
				TARGETED_DEVICE_FAMILY = "1,2";
				TEST_HOST = "$(BUILT_PRODUCTS_DIR)/MyFirstApp.app/$(BUNDLE_EXECUTABLE_FOLDER_PATH)/MyFirstApp";
			};
			name = Release;
		};
		9A66B9672DF44E1E00E9B0AD /* Debug */ = {
			isa = XCBuildConfiguration;
			baseConfigurationReference = 26617C185963EC092E993176 /* Pods-MyFirstApp-MyFirstAppUITests.debug.xcconfig */;
			buildSettings = {
				CODE_SIGN_STYLE = Automatic;
				CURRENT_PROJECT_VERSION = 1;
				DEVELOPMENT_TEAM = U4B3NLRKMV;
				GENERATE_INFOPLIST_FILE = YES;
				MARKETING_VERSION = 1.0;
				PRODUCT_BUNDLE_IDENTIFIER = com.tyoma.MyFirstAppUITests;
				PRODUCT_NAME = "$(TARGET_NAME)";
				SWIFT_EMIT_LOC_STRINGS = NO;
				SWIFT_VERSION = 5.0;
				TARGETED_DEVICE_FAMILY = "1,2";
				TEST_TARGET_NAME = MyFirstApp;
			};
			name = Debug;
		};
		9A66B9682DF44E1E00E9B0AD /* Release */ = {
			isa = XCBuildConfiguration;
			baseConfigurationReference = 5C194BAAC14E832C861E845C /* Pods-MyFirstApp-MyFirstAppUITests.release.xcconfig */;
			buildSettings = {
				CODE_SIGN_STYLE = Automatic;
				CURRENT_PROJECT_VERSION = 1;
				DEVELOPMENT_TEAM = U4B3NLRKMV;
				GENERATE_INFOPLIST_FILE = YES;
				MARKETING_VERSION = 1.0;
				PRODUCT_BUNDLE_IDENTIFIER = com.tyoma.MyFirstAppUITests;
				PRODUCT_NAME = "$(TARGET_NAME)";
				SWIFT_EMIT_LOC_STRINGS = NO;
				SWIFT_VERSION = 5.0;
				TARGETED_DEVICE_FAMILY = "1,2";
				TEST_TARGET_NAME = MyFirstApp;
			};
			name = Release;
		};
/* End XCBuildConfiguration section */

/* Begin XCConfigurationList section */
		9A66B9302DF44E1C00E9B0AD /* Build configuration list for PBXProject "MyFirstApp" */ = {
			isa = XCConfigurationList;
			buildConfigurations = (
				9A66B9612DF44E1E00E9B0AD /* Debug */,
				9A66B9622DF44E1E00E9B0AD /* Release */,
			);
			defaultConfigurationIsVisible = 0;
			defaultConfigurationName = Release;
		};
		9A66B95E2DF44E1E00E9B0AD /* Build configuration list for PBXNativeTarget "MyFirstApp" */ = {
			isa = XCConfigurationList;
			buildConfigurations = (
				9A66B95F2DF44E1E00E9B0AD /* Debug */,
				9A66B9602DF44E1E00E9B0AD /* Release */,
			);
			defaultConfigurationIsVisible = 0;
			defaultConfigurationName = Release;
		};
		9A66B9632DF44E1E00E9B0AD /* Build configuration list for PBXNativeTarget "MyFirstAppTests" */ = {
			isa = XCConfigurationList;
			buildConfigurations = (
				9A66B9642DF44E1E00E9B0AD /* Debug */,
				9A66B9652DF44E1E00E9B0AD /* Release */,
			);
			defaultConfigurationIsVisible = 0;
			defaultConfigurationName = Release;
		};
		9A66B9662DF44E1E00E9B0AD /* Build configuration list for PBXNativeTarget "MyFirstAppUITests" */ = {
			isa = XCConfigurationList;
			buildConfigurations = (
				9A66B9672DF44E1E00E9B0AD /* Debug */,
				9A66B9682DF44E1E00E9B0AD /* Release */,
			);
			defaultConfigurationIsVisible = 0;
			defaultConfigurationName = Release;
		};
/* End XCConfigurationList section */
	};
	rootObject = 9A66B92D2DF44E1C00E9B0AD /* Project object */;
}
